
Microsoft Visual Studio Solution File, Format Version 12.00
# Visual Studio 15
VisualStudioVersion = 15.0.26730.16
MinimumVisualStudioVersion = 10.0.40219.1
Project("{FAE04EC0-301F-11D3-BF4B-00C04F79EFBC}") = "AssetManagement_Github", "AssetManagement_Github\AssetManagement_Github.csproj", "{471DA78B-166C-4565-A634-8E83C6BD2CCE}"
EndProject
Global
	GlobalSection(SolutionConfigurationPlatforms) = preSolution
		Debug|Any CPU = Debug|Any CPU
		Release|Any CPU = Release|Any CPU
	EndGlobalSection
	GlobalSection(ProjectConfigurationPlatforms) = postSolution
		{471DA78B-166C-4565-A634-8E83C6BD2CCE}.Debug|Any CPU.ActiveCfg = Debug|Any CPU
		{471DA78B-166C-4565-A634-8E83C6BD2CCE}.Debug|Any CPU.Build.0 = Debug|Any CPU
		{471DA78B-166C-4565-A634-8E83C6BD2CCE}.Release|Any CPU.ActiveCfg = Release|Any CPU
		{471DA78B-166C-4565-A634-8E83C6BD2CCE}.Release|Any CPU.Build.0 = Release|Any CPU
	EndGlobalSection
	GlobalSection(SolutionProperties) = preSolution
		HideSolutionNode = FALSE
	EndGlobalSection
	GlobalSection(ExtensibilityGlobals) = postSolution
		SolutionGuid = {2D376DEA-3463-4F5C-AE07-793D22B8D87B}
	EndGlobalSection
EndGlobal
